
Microsoft Visual Studio Solution File, Format Version 12.00
# Visual Studio Version 16
VisualStudioVersion = 16.0.30711.63
MinimumVisualStudioVersion = 10.0.40219.1
Project("{FAE04EC0-301F-11D3-BF4B-00C04F79EFBC}") = "NPASExhibitions", "NPASExhibitions.csproj", "{A0322802-667A-4E12-9C19-6A703C5FE698}"
EndProject
Global
	GlobalSection(SolutionConfigurationPlatforms) = preSolution
		Debug|Any CPU = Debug|Any CPU
		Release|Any CPU = Release|Any CPU
	EndGlobalSection
	GlobalSection(ProjectConfigurationPlatforms) = postSolution
		{A0322802-667A-4E12-9C19-6A703C5FE698}.Debug|Any CPU.ActiveCfg = Debug|Any CPU
		{A0322802-667A-4E12-9C19-6A703C5FE698}.Debug|Any CPU.Build.0 = Debug|Any CPU
		{A0322802-667A-4E12-9C19-6A703C5FE698}.Release|Any CPU.ActiveCfg = Release|Any CPU
		{A0322802-667A-4E12-9C19-6A703C5FE698}.Release|Any CPU.Build.0 = Release|Any CPU
	EndGlobalSection
	GlobalSection(SolutionProperties) = preSolution
		HideSolutionNode = FALSE
	EndGlobalSection
	GlobalSection(ExtensibilityGlobals) = postSolution
		SolutionGuid = {371C0903-3DCC-4365-BC5B-BDE525046D6B}
	EndGlobalSection
EndGlobal
